// !$*UTF8*$!
{
	archiveVersion = 1;
	classes = {
	};
	objectVersion = 77;
	objects = {

/* Begin PBXBuildFile section */
		04E14990283A4EB360D3FF82 /* AppState.swift in Sources */ = {isa = PBXBuildFile; fileRef = 82CF29BB00A2E1D12106350D /* AppState.swift */; };
		08404F384F8E392958CB7398 /* Localizable.xcstrings in Resources */ = {isa = PBXBuildFile; fileRef = 0D7B880F361308E971A34589 /* Localizable.xcstrings */; };
		0D40BFF2E0A4EC9E31B9F48A /* ContentView.swift in Sources */ = {isa = PBXBuildFile; fileRef = D63ACE0E69E2007E754E2B30 /* ContentView.swift */; };
		1350A5D8B974608BC1FEC2B6 /* APIClient.swift in Sources */ = {isa = PBXBuildFile; fileRef = 47EE37D6867D61B09BEC0482 /* APIClient.swift */; };
		1A3B3B63CDB4CC685B398A46 /* SubscriptionVerificationTests.swift in Sources */ = {isa = PBXBuildFile; fileRef = C08E758246EB2D96C5B29D06 /* SubscriptionVerificationTests.swift */; };
		2603D9A0B3120B8CD74E39BF /* InCallView.swift in Sources */ = {isa = PBXBuildFile; fileRef = 8CF580A4F3F56EFF7D346DB8 /* InCallView.swift */; };
		28FA50EE1B2E526416669436 /* Products.storekit in Resources */ = {isa = PBXBuildFile; fileRef = EA4F50F9BE60CBE958B7212B /* Products.storekit */; };
		2F4C684099B258AFEF6E62A1 /* AppVersionTests.swift in Sources */ = {isa = PBXBuildFile; fileRef = 8D9C9B0057D0E32DFB404880 /* AppVersionTests.swift */; };
		32E28E1C8F27DA9EB56FEEAC /* AccountDeletion.swift in Sources */ = {isa = PBXBuildFile; fileRef = 3218F28F84345FE46322FFD3 /* AccountDeletion.swift */; };
		3820333AA0FC0D1233351C5A /* AccountDeletionTests.swift in Sources */ = {isa = PBXBuildFile; fileRef = EBDE9896D97FEDA79E395568 /* AccountDeletionTests.swift */; };
		479B0649B257EABB4768194C /* RegulatoryAddress.swift in Sources */ = {isa = PBXBuildFile; fileRef = 51D990DFEA3460D9F31B5803 /* RegulatoryAddress.swift */; };
		4AB09E327BD6CE7025092BCE /* ContactsView.swift in Sources */ = {isa = PBXBuildFile; fileRef = 2612E9351242FAB54735AE26 /* ContactsView.swift */; };
		50F4C8B9EF0C72931D9F16CF /* RegulatoryAddressTests.swift in Sources */ = {isa = PBXBuildFile; fileRef = 873DFCD1C285EE67D8AB70C0 /* RegulatoryAddressTests.swift */; };
		63B9A02E0F7BB4CA8F62DABB /* CallManager.swift in Sources */ = {isa = PBXBuildFile; fileRef = 2D5785E9B2BC1B30AE3E1FBD /* CallManager.swift */; };
		67B3C158C6AC0D76A0DC4377 /* AppVersionService.swift in Sources */ = {isa = PBXBuildFile; fileRef = B6B04CDAC5246DFD52D0C222 /* AppVersionService.swift */; };
		6B58067C9247D03F41C2016B /* Theme.swift in Sources */ = {isa = PBXBuildFile; fileRef = 55C15FE7B191D1F576798620 /* Theme.swift */; };
		6E591A2E51F727C78074B843 /* OnboardingView.swift in Sources */ = {isa = PBXBuildFile; fileRef = 40B745FA4D84858230574C78 /* OnboardingView.swift */; };
		743FFFBC8C4065FBD249C582 /* InfoPlist.strings in Resources */ = {isa = PBXBuildFile; fileRef = 9789C39B3615CCF463FEBAE2 /* InfoPlist.strings */; };
		88326DB2981EE8204F7F53F6 /* TwilioVoice in Frameworks */ = {isa = PBXBuildFile; productRef = B6285136CEE3E2F4A0EDE506 /* TwilioVoice */; };
		8B6E78B156D9D3B1709602BA /* ServicesView.swift in Sources */ = {isa = PBXBuildFile; fileRef = 6BA706F99F80397D1BEB9B52 /* ServicesView.swift */; };
		913A4108C20DACCC05D861A9 /* KevinApp.swift in Sources */ = {isa = PBXBuildFile; fileRef = 8FDB20F68C9466D8D53A8852 /* KevinApp.swift */; };
		92445173BA3671A68B54188A /* Call.swift in Sources */ = {isa = PBXBuildFile; fileRef = EA4249AB29D64072D037CA55 /* Call.swift */; };
		925E51ED40B8CFE41A644C3E /* SubscriptionManager.swift in Sources */ = {isa = PBXBuildFile; fileRef = 62C9CE3CE81D6EF91F10CB69 /* SubscriptionManager.swift */; };
		949E492170B9C2A6AFE5A138 /* SubscriptionVerification.swift in Sources */ = {isa = PBXBuildFile; fileRef = 26F75183A354A43842B21498 /* SubscriptionVerification.swift */; };
		982AF26603B1E7590FDF77B3 /* AppleIdentityRefresher.swift in Sources */ = {isa = PBXBuildFile; fileRef = 88463F331C9E006AA3406E5C /* AppleIdentityRefresher.swift */; };
		A129025734A48531F68AD17F /* ForwardingInstructions.swift in Sources */ = {isa = PBXBuildFile; fileRef = 030EFAEC8F57B2AEEA9D3692 /* ForwardingInstructions.swift */; };
		A8F7A82BCF2F0C274C54B80C /* ContactSyncManager.swift in Sources */ = {isa = PBXBuildFile; fileRef = EFD9C29266287A3B2BDF2369 /* ContactSyncManager.swift */; };
		A9E3DF9DF175B27F6C282C43 /* Assets.xcassets in Resources */ = {isa = PBXBuildFile; fileRef = 0B4D3F4353001283E75341A9 /* Assets.xcassets */; };
		AEEEB58F01869C0D299ACC4C /* AppDelegate.swift in Sources */ = {isa = PBXBuildFile; fileRef = 34E49E9623A3159EBDEC4CFE /* AppDelegate.swift */; };
		B1252FCCDCACDFED84D7082E /* PaywallView.swift in Sources */ = {isa = PBXBuildFile; fileRef = 7D5BA48FE5494D5FC061B7B7 /* PaywallView.swift */; };
		B670617C06440B284622AA7E /* ForwardingInstructionsTests.swift in Sources */ = {isa = PBXBuildFile; fileRef = CB4523976C8CA1F94FD69173 /* ForwardingInstructionsTests.swift */; };
		BDD86EC278FFF225F73A8773 /* KeychainManager.swift in Sources */ = {isa = PBXBuildFile; fileRef = 359DC411E16B65BDC5671DB2 /* KeychainManager.swift */; };
		C9EA0A211944CEE40CEC243D /* CallHistoryView.swift in Sources */ = {isa = PBXBuildFile; fileRef = 09A23D5E418687FDCFD9F90B /* CallHistoryView.swift */; };
		CBC1321AF32D63C2E942389B /* PhoneFormatter.swift in Sources */ = {isa = PBXBuildFile; fileRef = 68B2CDD06B01EAAE824F1B2D /* PhoneFormatter.swift */; };
		CE4E2CEC954085A7FD2B48AB /* SettingsCountryTests.swift in Sources */ = {isa = PBXBuildFile; fileRef = F05B544A0AB86C4DE6799512 /* SettingsCountryTests.swift */; };
		D84086E76D3C95C468C1232A /* SettingsView.swift in Sources */ = {isa = PBXBuildFile; fileRef = F13DF6B56C517300EE66A80B /* SettingsView.swift */; };
		D941F4E2B5D75A232360FEDB /* UpdateGate.swift in Sources */ = {isa = PBXBuildFile; fileRef = A88828214BCFD33CE2F29216 /* UpdateGate.swift */; };
		D982E08E8C9387D1889A8CE3 /* PrivacyInfo.xcprivacy in Resources */ = {isa = PBXBuildFile; fileRef = 355A811D1510B586161B0963 /* PrivacyInfo.xcprivacy */; };
		EC3DBCCF4D0EC9EB624553E4 /* AppStoreScreenshotFixtures.swift in Sources */ = {isa = PBXBuildFile; fileRef = 8C9DE1B27DFA1888B44DD4C6 /* AppStoreScreenshotFixtures.swift */; };
		EC5B03A1FF79D48D9FB5C28A /* WhatsNewSheet.swift in Sources */ = {isa = PBXBuildFile; fileRef = 8DA8688618EC1418EC76C373 /* WhatsNewSheet.swift */; };
		F32453F5B03451C8BD41203F /* SettingsCountry.swift in Sources */ = {isa = PBXBuildFile; fileRef = 8B7722B929833EF075295A83 /* SettingsCountry.swift */; };
		F9A91D699C206F4EA85584A3 /* InfoPlist.strings in Resources */ = {isa = PBXBuildFile; fileRef = 5B8F3D0C955D71321170BC03 /* InfoPlist.strings */; };
/* End PBXBuildFile section */

/* Begin PBXContainerItemProxy section */
		6A1AEFB60B4536781B5E6077 /* PBXContainerItemProxy */ = {
			isa = PBXContainerItemProxy;
			containerPortal = E52EA325B14732B2A82E82F4 /* Project object */;
			proxyType = 1;
			remoteGlobalIDString = A249246366E6EDB922A2E46A;
			remoteInfo = Kevin;
		};
/* End PBXContainerItemProxy section */

/* Begin PBXFileReference section */
		030EFAEC8F57B2AEEA9D3692 /* ForwardingInstructions.swift */ = {isa = PBXFileReference; lastKnownFileType = sourcecode.swift; path = ForwardingInstructions.swift; sourceTree = "<group>"; };
		09A23D5E418687FDCFD9F90B /* CallHistoryView.swift */ = {isa = PBXFileReference; lastKnownFileType = sourcecode.swift; path = CallHistoryView.swift; sourceTree = "<group>"; };
		0B4D3F4353001283E75341A9 /* Assets.xcassets */ = {isa = PBXFileReference; lastKnownFileType = folder.assetcatalog; path = Assets.xcassets; sourceTree = "<group>"; };
		0D7B880F361308E971A34589 /* Localizable.xcstrings */ = {isa = PBXFileReference; lastKnownFileType = text.json.xcstrings; path = Localizable.xcstrings; sourceTree = "<group>"; };
		1CE0EB11F52756367AE9E873 /* Kevin.entitlements */ = {isa = PBXFileReference; lastKnownFileType = text.plist.entitlements; path = Kevin.entitlements; sourceTree = "<group>"; };
		2612E9351242FAB54735AE26 /* ContactsView.swift */ = {isa = PBXFileReference; lastKnownFileType = sourcecode.swift; path = ContactsView.swift; sourceTree = "<group>"; };
		26F75183A354A43842B21498 /* SubscriptionVerification.swift */ = {isa = PBXFileReference; lastKnownFileType = sourcecode.swift; path = SubscriptionVerification.swift; sourceTree = "<group>"; };
		2D5785E9B2BC1B30AE3E1FBD /* CallManager.swift */ = {isa = PBXFileReference; lastKnownFileType = sourcecode.swift; path = CallManager.swift; sourceTree = "<group>"; };
		3218F28F84345FE46322FFD3 /* AccountDeletion.swift */ = {isa = PBXFileReference; lastKnownFileType = sourcecode.swift; path = AccountDeletion.swift; sourceTree = "<group>"; };
		34E49E9623A3159EBDEC4CFE /* AppDelegate.swift */ = {isa = PBXFileReference; lastKnownFileType = sourcecode.swift; path = AppDelegate.swift; sourceTree = "<group>"; };
		355A811D1510B586161B0963 /* PrivacyInfo.xcprivacy */ = {isa = PBXFileReference; path = PrivacyInfo.xcprivacy; sourceTree = "<group>"; };
		359DC411E16B65BDC5671DB2 /* KeychainManager.swift */ = {isa = PBXFileReference; lastKnownFileType = sourcecode.swift; path = KeychainManager.swift; sourceTree = "<group>"; };
		40B745FA4D84858230574C78 /* OnboardingView.swift */ = {isa = PBXFileReference; lastKnownFileType = sourcecode.swift; path = OnboardingView.swift; sourceTree = "<group>"; };
		47EE37D6867D61B09BEC0482 /* APIClient.swift */ = {isa = PBXFileReference; lastKnownFileType = sourcecode.swift; path = APIClient.swift; sourceTree = "<group>"; };
		51D990DFEA3460D9F31B5803 /* RegulatoryAddress.swift */ = {isa = PBXFileReference; lastKnownFileType = sourcecode.swift; path = RegulatoryAddress.swift; sourceTree = "<group>"; };
		52F406181EC42D36B29CFB8E /* Kevin.app */ = {isa = PBXFileReference; includeInIndex = 0; lastKnownFileType = wrapper.application; path = Kevin.app; sourceTree = BUILT_PRODUCTS_DIR; };
		55C15FE7B191D1F576798620 /* Theme.swift */ = {isa = PBXFileReference; lastKnownFileType = sourcecode.swift; path = Theme.swift; sourceTree = "<group>"; };
		5B8F3D0C955D71321170BC03 /* InfoPlist.strings */ = {isa = PBXFileReference; lastKnownFileType = text.plist.strings; name = InfoPlist.strings; path = "pt-BR.lproj/InfoPlist.strings"; sourceTree = "<group>"; };
		62C9CE3CE81D6EF91F10CB69 /* SubscriptionManager.swift */ = {isa = PBXFileReference; lastKnownFileType = sourcecode.swift; path = SubscriptionManager.swift; sourceTree = "<group>"; };
		68B2CDD06B01EAAE824F1B2D /* PhoneFormatter.swift */ = {isa = PBXFileReference; lastKnownFileType = sourcecode.swift; path = PhoneFormatter.swift; sourceTree = "<group>"; };
		6BA706F99F80397D1BEB9B52 /* ServicesView.swift */ = {isa = PBXFileReference; lastKnownFileType = sourcecode.swift; path = ServicesView.swift; sourceTree = "<group>"; };
		75E7CE6639F7C036F139197C /* Info.plist */ = {isa = PBXFileReference; lastKnownFileType = text.plist; path = Info.plist; sourceTree = "<group>"; };
		7D5BA48FE5494D5FC061B7B7 /* PaywallView.swift */ = {isa = PBXFileReference; lastKnownFileType = sourcecode.swift; path = PaywallView.swift; sourceTree = "<group>"; };
		82CF29BB00A2E1D12106350D /* AppState.swift */ = {isa = PBXFileReference; lastKnownFileType = sourcecode.swift; path = AppState.swift; sourceTree = "<group>"; };
		873DFCD1C285EE67D8AB70C0 /* RegulatoryAddressTests.swift */ = {isa = PBXFileReference; lastKnownFileType = sourcecode.swift; path = RegulatoryAddressTests.swift; sourceTree = "<group>"; };
		88463F331C9E006AA3406E5C /* AppleIdentityRefresher.swift */ = {isa = PBXFileReference; lastKnownFileType = sourcecode.swift; path = AppleIdentityRefresher.swift; sourceTree = "<group>"; };
		8B7722B929833EF075295A83 /* SettingsCountry.swift */ = {isa = PBXFileReference; lastKnownFileType = sourcecode.swift; path = SettingsCountry.swift; sourceTree = "<group>"; };
		8C9DE1B27DFA1888B44DD4C6 /* AppStoreScreenshotFixtures.swift */ = {isa = PBXFileReference; lastKnownFileType = sourcecode.swift; path = AppStoreScreenshotFixtures.swift; sourceTree = "<group>"; };
		8CF580A4F3F56EFF7D346DB8 /* InCallView.swift */ = {isa = PBXFileReference; lastKnownFileType = sourcecode.swift; path = InCallView.swift; sourceTree = "<group>"; };
		8D9C9B0057D0E32DFB404880 /* AppVersionTests.swift */ = {isa = PBXFileReference; lastKnownFileType = sourcecode.swift; path = AppVersionTests.swift; sourceTree = "<group>"; };
		8DA8688618EC1418EC76C373 /* WhatsNewSheet.swift */ = {isa = PBXFileReference; lastKnownFileType = sourcecode.swift; path = WhatsNewSheet.swift; sourceTree = "<group>"; };
		8FDB20F68C9466D8D53A8852 /* KevinApp.swift */ = {isa = PBXFileReference; lastKnownFileType = sourcecode.swift; path = KevinApp.swift; sourceTree = "<group>"; };
		9789C39B3615CCF463FEBAE2 /* InfoPlist.strings */ = {isa = PBXFileReference; lastKnownFileType = text.plist.strings; name = InfoPlist.strings; path = es.lproj/InfoPlist.strings; sourceTree = "<group>"; };
		A88828214BCFD33CE2F29216 /* UpdateGate.swift */ = {isa = PBXFileReference; lastKnownFileType = sourcecode.swift; path = UpdateGate.swift; sourceTree = "<group>"; };
		B6B04CDAC5246DFD52D0C222 /* AppVersionService.swift */ = {isa = PBXFileReference; lastKnownFileType = sourcecode.swift; path = AppVersionService.swift; sourceTree = "<group>"; };
		C08E758246EB2D96C5B29D06 /* SubscriptionVerificationTests.swift */ = {isa = PBXFileReference; lastKnownFileType = sourcecode.swift; path = SubscriptionVerificationTests.swift; sourceTree = "<group>"; };
		CB4523976C8CA1F94FD69173 /* ForwardingInstructionsTests.swift */ = {isa = PBXFileReference; lastKnownFileType = sourcecode.swift; path = ForwardingInstructionsTests.swift; sourceTree = "<group>"; };
		D63ACE0E69E2007E754E2B30 /* ContentView.swift */ = {isa = PBXFileReference; lastKnownFileType = sourcecode.swift; path = ContentView.swift; sourceTree = "<group>"; };
		E7C19B72552CD77728455C37 /* KevinTests.xctest */ = {isa = PBXFileReference; includeInIndex = 0; lastKnownFileType = wrapper.cfbundle; path = KevinTests.xctest; sourceTree = BUILT_PRODUCTS_DIR; };
		EA4249AB29D64072D037CA55 /* Call.swift */ = {isa = PBXFileReference; lastKnownFileType = sourcecode.swift; path = Call.swift; sourceTree = "<group>"; };
		EA4F50F9BE60CBE958B7212B /* Products.storekit */ = {isa = PBXFileReference; path = Products.storekit; sourceTree = "<group>"; };
		EBDE9896D97FEDA79E395568 /* AccountDeletionTests.swift */ = {isa = PBXFileReference; lastKnownFileType = sourcecode.swift; path = AccountDeletionTests.swift; sourceTree = "<group>"; };
		EFD9C29266287A3B2BDF2369 /* ContactSyncManager.swift */ = {isa = PBXFileReference; lastKnownFileType = sourcecode.swift; path = ContactSyncManager.swift; sourceTree = "<group>"; };
		F05B544A0AB86C4DE6799512 /* SettingsCountryTests.swift */ = {isa = PBXFileReference; lastKnownFileType = sourcecode.swift; path = SettingsCountryTests.swift; sourceTree = "<group>"; };
		F13DF6B56C517300EE66A80B /* SettingsView.swift */ = {isa = PBXFileReference; lastKnownFileType = sourcecode.swift; path = SettingsView.swift; sourceTree = "<group>"; };
/* End PBXFileReference section */

/* Begin PBXFrameworksBuildPhase section */
		03C107FE106DB27A12B201AE /* Frameworks */ = {
			isa = PBXFrameworksBuildPhase;
			buildActionMask = 2147483647;
			files = (
				88326DB2981EE8204F7F53F6 /* TwilioVoice in Frameworks */,
			);
			runOnlyForDeploymentPostprocessing = 0;
		};
/* End PBXFrameworksBuildPhase section */

/* Begin PBXGroup section */
		1A23EA7D9E2D14E45EADBEBB = {
			isa = PBXGroup;
			children = (
				6A24199AFB16BCB3B38BF730 /* Kevin */,
				7817B9C1269F1EDE195929E8 /* KevinTests */,
				875369D71AB65AFA16003017 /* Products */,
			);
			sourceTree = "<group>";
		};
		255AB4AEA289236668A9446C /* Theme */ = {
			isa = PBXGroup;
			children = (
				55C15FE7B191D1F576798620 /* Theme.swift */,
			);
			path = Theme;
			sourceTree = "<group>";
		};
		3BFBEB45FA2A814D88E7114B /* Views */ = {
			isa = PBXGroup;
			children = (
				09A23D5E418687FDCFD9F90B /* CallHistoryView.swift */,
				2612E9351242FAB54735AE26 /* ContactsView.swift */,
				D63ACE0E69E2007E754E2B30 /* ContentView.swift */,
				8CF580A4F3F56EFF7D346DB8 /* InCallView.swift */,
				40B745FA4D84858230574C78 /* OnboardingView.swift */,
				7D5BA48FE5494D5FC061B7B7 /* PaywallView.swift */,
				6BA706F99F80397D1BEB9B52 /* ServicesView.swift */,
				F13DF6B56C517300EE66A80B /* SettingsView.swift */,
				A88828214BCFD33CE2F29216 /* UpdateGate.swift */,
				8DA8688618EC1418EC76C373 /* WhatsNewSheet.swift */,
			);
			path = Views;
			sourceTree = "<group>";
		};
		6A24199AFB16BCB3B38BF730 /* Kevin */ = {
			isa = PBXGroup;
			children = (
				75E7CE6639F7C036F139197C /* Info.plist */,
				1CE0EB11F52756367AE9E873 /* Kevin.entitlements */,
				0D7B880F361308E971A34589 /* Localizable.xcstrings */,
				EA4F50F9BE60CBE958B7212B /* Products.storekit */,
				6BFDF63DCEDBFBF85C6C733A /* App */,
				CDD773A24940E1C7BF8D8C6D /* Debug */,
				F844B0E9D0A03E1EDA5D6BF5 /* Models */,
				D55179D406461ED1C4365841 /* Resources */,
				C977083BB647294CC16AA873 /* Services */,
				255AB4AEA289236668A9446C /* Theme */,
				B8EBDB6D9FCCC8F1D1E5C37D /* Utils */,
				3BFBEB45FA2A814D88E7114B /* Views */,
			);
			path = Kevin;
			sourceTree = "<group>";
		};
		6BFDF63DCEDBFBF85C6C733A /* App */ = {
			isa = PBXGroup;
			children = (
				34E49E9623A3159EBDEC4CFE /* AppDelegate.swift */,
				8FDB20F68C9466D8D53A8852 /* KevinApp.swift */,
			);
			path = App;
			sourceTree = "<group>";
		};
		7817B9C1269F1EDE195929E8 /* KevinTests */ = {
			isa = PBXGroup;
			children = (
				EBDE9896D97FEDA79E395568 /* AccountDeletionTests.swift */,
				8D9C9B0057D0E32DFB404880 /* AppVersionTests.swift */,
				CB4523976C8CA1F94FD69173 /* ForwardingInstructionsTests.swift */,
				873DFCD1C285EE67D8AB70C0 /* RegulatoryAddressTests.swift */,
				F05B544A0AB86C4DE6799512 /* SettingsCountryTests.swift */,
				C08E758246EB2D96C5B29D06 /* SubscriptionVerificationTests.swift */,
			);
			path = KevinTests;
			sourceTree = "<group>";
		};
		875369D71AB65AFA16003017 /* Products */ = {
			isa = PBXGroup;
			children = (
				52F406181EC42D36B29CFB8E /* Kevin.app */,
				E7C19B72552CD77728455C37 /* KevinTests.xctest */,
			);
			name = Products;
			sourceTree = "<group>";
		};
		B8EBDB6D9FCCC8F1D1E5C37D /* Utils */ = {
			isa = PBXGroup;
			children = (
				68B2CDD06B01EAAE824F1B2D /* PhoneFormatter.swift */,
			);
			path = Utils;
			sourceTree = "<group>";
		};
		C977083BB647294CC16AA873 /* Services */ = {
			isa = PBXGroup;
			children = (
				3218F28F84345FE46322FFD3 /* AccountDeletion.swift */,
				47EE37D6867D61B09BEC0482 /* APIClient.swift */,
				88463F331C9E006AA3406E5C /* AppleIdentityRefresher.swift */,
				B6B04CDAC5246DFD52D0C222 /* AppVersionService.swift */,
				2D5785E9B2BC1B30AE3E1FBD /* CallManager.swift */,
				EFD9C29266287A3B2BDF2369 /* ContactSyncManager.swift */,
				030EFAEC8F57B2AEEA9D3692 /* ForwardingInstructions.swift */,
				359DC411E16B65BDC5671DB2 /* KeychainManager.swift */,
				51D990DFEA3460D9F31B5803 /* RegulatoryAddress.swift */,
				8B7722B929833EF075295A83 /* SettingsCountry.swift */,
				62C9CE3CE81D6EF91F10CB69 /* SubscriptionManager.swift */,
				26F75183A354A43842B21498 /* SubscriptionVerification.swift */,
			);
			path = Services;
			sourceTree = "<group>";
		};
		CDD773A24940E1C7BF8D8C6D /* Debug */ = {
			isa = PBXGroup;
			children = (
				8C9DE1B27DFA1888B44DD4C6 /* AppStoreScreenshotFixtures.swift */,
			);
			path = Debug;
			sourceTree = "<group>";
		};
		D55179D406461ED1C4365841 /* Resources */ = {
			isa = PBXGroup;
			children = (
				0B4D3F4353001283E75341A9 /* Assets.xcassets */,
				9789C39B3615CCF463FEBAE2 /* InfoPlist.strings */,
				5B8F3D0C955D71321170BC03 /* InfoPlist.strings */,
				355A811D1510B586161B0963 /* PrivacyInfo.xcprivacy */,
			);
			path = Resources;
			sourceTree = "<group>";
		};
		F844B0E9D0A03E1EDA5D6BF5 /* Models */ = {
			isa = PBXGroup;
			children = (
				82CF29BB00A2E1D12106350D /* AppState.swift */,
				EA4249AB29D64072D037CA55 /* Call.swift */,
			);
			path = Models;
			sourceTree = "<group>";
		};
/* End PBXGroup section */

/* Begin PBXNativeTarget section */
		A249246366E6EDB922A2E46A /* Kevin */ = {
			isa = PBXNativeTarget;
			buildConfigurationList = 3E35576C2E0E3797643FBC78 /* Build configuration list for PBXNativeTarget "Kevin" */;
			buildPhases = (
				0E7F5F633722E4B2823AF884 /* Sources */,
				F32799943CB83A66ACC8B72E /* Resources */,
				03C107FE106DB27A12B201AE /* Frameworks */,
			);
			buildRules = (
			);
			dependencies = (
			);
			name = Kevin;
			packageProductDependencies = (
				B6285136CEE3E2F4A0EDE506 /* TwilioVoice */,
			);
			productName = Kevin;
			productReference = 52F406181EC42D36B29CFB8E /* Kevin.app */;
			productType = "com.apple.product-type.application";
		};
		E84EBA561B84B0B2E50548F1 /* KevinTests */ = {
			isa = PBXNativeTarget;
			buildConfigurationList = A198FC92282684C555269CB2 /* Build configuration list for PBXNativeTarget "KevinTests" */;
			buildPhases = (
				0DF0D1C9BEB98A76766FCAB6 /* Sources */,
			);
			buildRules = (
			);
			dependencies = (
				0027C6FEE3A353559FCD4A29 /* PBXTargetDependency */,
			);
			name = KevinTests;
			packageProductDependencies = (
			);
			productName = KevinTests;
			productReference = E7C19B72552CD77728455C37 /* KevinTests.xctest */;
			productType = "com.apple.product-type.bundle.unit-test";
		};
/* End PBXNativeTarget section */

/* Begin PBXProject section */
		E52EA325B14732B2A82E82F4 /* Project object */ = {
			isa = PBXProject;
			attributes = {
				BuildIndependentTargetsInParallel = YES;
				LastUpgradeCheck = 2600;
				TargetAttributes = {
					A249246366E6EDB922A2E46A = {
						DevelopmentTeam = 3FLG8W6B95;
						ProvisioningStyle = Automatic;
					};
				};
			};
			buildConfigurationList = 3CB04EED462A0AAEA9428AA2 /* Build configuration list for PBXProject "Kevin" */;
			compatibilityVersion = "Xcode 14.0";
			developmentRegion = en;
			hasScannedForEncodings = 0;
			knownRegions = (
				Base,
				en,
				es,
				"pt-BR",
			);
			mainGroup = 1A23EA7D9E2D14E45EADBEBB;
			minimizedProjectReferenceProxies = 1;
			packageReferences = (
				FCA61563E52A862E6066AE7F /* XCRemoteSwiftPackageReference "twilio-voice-ios" */,
			);
			preferredProjectObjectVersion = 77;
			projectDirPath = "";
			projectRoot = "";
			targets = (
				A249246366E6EDB922A2E46A /* Kevin */,
				E84EBA561B84B0B2E50548F1 /* KevinTests */,
			);
		};
/* End PBXProject section */

/* Begin PBXResourcesBuildPhase section */
		F32799943CB83A66ACC8B72E /* Resources */ = {
			isa = PBXResourcesBuildPhase;
			buildActionMask = 2147483647;
			files = (
				A9E3DF9DF175B27F6C282C43 /* Assets.xcassets in Resources */,
				743FFFBC8C4065FBD249C582 /* InfoPlist.strings in Resources */,
				F9A91D699C206F4EA85584A3 /* InfoPlist.strings in Resources */,
				08404F384F8E392958CB7398 /* Localizable.xcstrings in Resources */,
				D982E08E8C9387D1889A8CE3 /* PrivacyInfo.xcprivacy in Resources */,
				28FA50EE1B2E526416669436 /* Products.storekit in Resources */,
			);
			runOnlyForDeploymentPostprocessing = 0;
		};
/* End PBXResourcesBuildPhase section */

/* Begin PBXSourcesBuildPhase section */
		0DF0D1C9BEB98A76766FCAB6 /* Sources */ = {
			isa = PBXSourcesBuildPhase;
			buildActionMask = 2147483647;
			files = (
				3820333AA0FC0D1233351C5A /* AccountDeletionTests.swift in Sources */,
				2F4C684099B258AFEF6E62A1 /* AppVersionTests.swift in Sources */,
				B670617C06440B284622AA7E /* ForwardingInstructionsTests.swift in Sources */,
				50F4C8B9EF0C72931D9F16CF /* RegulatoryAddressTests.swift in Sources */,
				CE4E2CEC954085A7FD2B48AB /* SettingsCountryTests.swift in Sources */,
				1A3B3B63CDB4CC685B398A46 /* SubscriptionVerificationTests.swift in Sources */,
			);
			runOnlyForDeploymentPostprocessing = 0;
		};
		0E7F5F633722E4B2823AF884 /* Sources */ = {
			isa = PBXSourcesBuildPhase;
			buildActionMask = 2147483647;
			files = (
				1350A5D8B974608BC1FEC2B6 /* APIClient.swift in Sources */,
				32E28E1C8F27DA9EB56FEEAC /* AccountDeletion.swift in Sources */,
				AEEEB58F01869C0D299ACC4C /* AppDelegate.swift in Sources */,
				04E14990283A4EB360D3FF82 /* AppState.swift in Sources */,
				EC3DBCCF4D0EC9EB624553E4 /* AppStoreScreenshotFixtures.swift in Sources */,
				67B3C158C6AC0D76A0DC4377 /* AppVersionService.swift in Sources */,
				982AF26603B1E7590FDF77B3 /* AppleIdentityRefresher.swift in Sources */,
				92445173BA3671A68B54188A /* Call.swift in Sources */,
				C9EA0A211944CEE40CEC243D /* CallHistoryView.swift in Sources */,
				63B9A02E0F7BB4CA8F62DABB /* CallManager.swift in Sources */,
				A8F7A82BCF2F0C274C54B80C /* ContactSyncManager.swift in Sources */,
				4AB09E327BD6CE7025092BCE /* ContactsView.swift in Sources */,
				0D40BFF2E0A4EC9E31B9F48A /* ContentView.swift in Sources */,
				A129025734A48531F68AD17F /* ForwardingInstructions.swift in Sources */,
				2603D9A0B3120B8CD74E39BF /* InCallView.swift in Sources */,
				913A4108C20DACCC05D861A9 /* KevinApp.swift in Sources */,
				BDD86EC278FFF225F73A8773 /* KeychainManager.swift in Sources */,
				6E591A2E51F727C78074B843 /* OnboardingView.swift in Sources */,
				B1252FCCDCACDFED84D7082E /* PaywallView.swift in Sources */,
				CBC1321AF32D63C2E942389B /* PhoneFormatter.swift in Sources */,
				479B0649B257EABB4768194C /* RegulatoryAddress.swift in Sources */,
				8B6E78B156D9D3B1709602BA /* ServicesView.swift in Sources */,
				F32453F5B03451C8BD41203F /* SettingsCountry.swift in Sources */,
				D84086E76D3C95C468C1232A /* SettingsView.swift in Sources */,
				925E51ED40B8CFE41A644C3E /* SubscriptionManager.swift in Sources */,
				949E492170B9C2A6AFE5A138 /* SubscriptionVerification.swift in Sources */,
				6B58067C9247D03F41C2016B /* Theme.swift in Sources */,
				D941F4E2B5D75A232360FEDB /* UpdateGate.swift in Sources */,
				EC5B03A1FF79D48D9FB5C28A /* WhatsNewSheet.swift in Sources */,
			);
			runOnlyForDeploymentPostprocessing = 0;
		};
/* End PBXSourcesBuildPhase section */

/* Begin PBXTargetDependency section */
		0027C6FEE3A353559FCD4A29 /* PBXTargetDependency */ = {
			isa = PBXTargetDependency;
			target = A249246366E6EDB922A2E46A /* Kevin */;
			targetProxy = 6A1AEFB60B4536781B5E6077 /* PBXContainerItemProxy */;
		};
/* End PBXTargetDependency section */

/* Begin XCBuildConfiguration section */
		47D2F6F74D6B2B7D1B4EF9B5 /* Release */ = {
			isa = XCBuildConfiguration;
			buildSettings = {
				BUNDLE_LOADER = "$(TEST_HOST)";
				GENERATE_INFOPLIST_FILE = YES;
				LD_RUNPATH_SEARCH_PATHS = (
					"$(inherited)",
					"@executable_path/Frameworks",
					"@loader_path/Frameworks",
				);
				PRODUCT_BUNDLE_IDENTIFIER = com.kevin.callscreen.tests;
				SDKROOT = iphoneos;
				TARGETED_DEVICE_FAMILY = "1,2";
				TEST_HOST = "$(BUILT_PRODUCTS_DIR)/Kevin.app/Kevin";
			};
			name = Release;
		};
		966684C5F69D107808C9C8F1 /* Release */ = {
			isa = XCBuildConfiguration;
			buildSettings = {
				ALWAYS_SEARCH_USER_PATHS = NO;
				CLANG_ANALYZER_NONNULL = YES;
				CLANG_ANALYZER_NUMBER_OBJECT_CONVERSION = YES_AGGRESSIVE;
				CLANG_CXX_LANGUAGE_STANDARD = "gnu++14";
				CLANG_CXX_LIBRARY = "libc++";
				CLANG_ENABLE_MODULES = YES;
				CLANG_ENABLE_OBJC_ARC = YES;
				CLANG_ENABLE_OBJC_WEAK = YES;
				CLANG_WARN_BLOCK_CAPTURE_AUTORELEASING = YES;
				CLANG_WARN_BOOL_CONVERSION = YES;
				CLANG_WARN_COMMA = YES;
				CLANG_WARN_CONSTANT_CONVERSION = YES;
				CLANG_WARN_DEPRECATED_OBJC_IMPLEMENTATIONS = YES;
				CLANG_WARN_DIRECT_OBJC_ISA_USAGE = YES_ERROR;
				CLANG_WARN_DOCUMENTATION_COMMENTS = YES;
				CLANG_WARN_EMPTY_BODY = YES;
				CLANG_WARN_ENUM_CONVERSION = YES;
				CLANG_WARN_INFINITE_RECURSION = YES;
				CLANG_WARN_INT_CONVERSION = YES;
				CLANG_WARN_NON_LITERAL_NULL_CONVERSION = YES;
				CLANG_WARN_OBJC_IMPLICIT_RETAIN_SELF = YES;
				CLANG_WARN_OBJC_LITERAL_CONVERSION = YES;
				CLANG_WARN_OBJC_ROOT_CLASS = YES_ERROR;
				CLANG_WARN_QUOTED_INCLUDE_IN_FRAMEWORK_HEADER = YES;
				CLANG_WARN_RANGE_LOOP_ANALYSIS = YES;
				CLANG_WARN_STRICT_PROTOTYPES = YES;
				CLANG_WARN_SUSPICIOUS_MOVE = YES;
				CLANG_WARN_UNGUARDED_AVAILABILITY = YES_AGGRESSIVE;
				CLANG_WARN_UNREACHABLE_CODE = YES;
				CLANG_WARN__DUPLICATE_METHOD_MATCH = YES;
				COPY_PHASE_STRIP = NO;
				DEBUG_INFORMATION_FORMAT = "dwarf-with-dsym";
				ENABLE_NS_ASSERTIONS = NO;
				ENABLE_STRICT_OBJC_MSGSEND = YES;
				GCC_C_LANGUAGE_STANDARD = gnu11;
				GCC_NO_COMMON_BLOCKS = YES;
				GCC_WARN_64_TO_32_BIT_CONVERSION = YES;
				GCC_WARN_ABOUT_RETURN_TYPE = YES_ERROR;
				GCC_WARN_UNDECLARED_SELECTOR = YES;
				GCC_WARN_UNINITIALIZED_AUTOS = YES_AGGRESSIVE;
				GCC_WARN_UNUSED_FUNCTION = YES;
				GCC_WARN_UNUSED_VARIABLE = YES;
				IPHONEOS_DEPLOYMENT_TARGET = 17.0;
				MTL_ENABLE_DEBUG_INFO = NO;
				MTL_FAST_MATH = YES;
				PRODUCT_NAME = "$(TARGET_NAME)";
				SDKROOT = iphoneos;
				SWIFT_COMPILATION_MODE = wholemodule;
				SWIFT_OPTIMIZATION_LEVEL = "-O";
				SWIFT_VERSION = 5.0;
			};
			name = Release;
		};
		9EE9032852145E4274E862C6 /* Debug */ = {
			isa = XCBuildConfiguration;
			buildSettings = {
				APP_ENV = staging;
				ASSETCATALOG_COMPILER_APPICON_NAME = AppIcon;
				BACKEND_URL = "https://kevin-api-staging-l63rergg7a-uc.a.run.app";
				CODE_SIGN_ENTITLEMENTS = Kevin/Kevin.entitlements;
				CODE_SIGN_IDENTITY = "iPhone Developer";
				CODE_SIGN_STYLE = Automatic;
				CURRENT_PROJECT_VERSION = 36;
				DEVELOPMENT_TEAM = 3FLG8W6B95;
				ENABLE_DEBUG_DYLIB = NO;
				ENABLE_PREVIEWS = NO;
				INFOPLIST_FILE = Kevin/Info.plist;
				INFOPLIST_KEY_UIApplicationSceneManifest_Generation = YES;
				INFOPLIST_KEY_UIApplicationSupportsIndirectInputEvents = YES;
				INFOPLIST_KEY_UILaunchScreen_Generation = YES;
				INFOPLIST_KEY_UISupportedInterfaceOrientations_iPhone = "UIInterfaceOrientationPortrait UIInterfaceOrientationPortraitUpsideDown UIInterfaceOrientationLandscapeLeft UIInterfaceOrientationLandscapeRight";
				LD_RUNPATH_SEARCH_PATHS = (
					"$(inherited)",
					"@executable_path/Frameworks",
				);
				MARKETING_VERSION = 1.2.11;
				PRODUCT_BUNDLE_IDENTIFIER = com.kevin.callscreen;
				SDKROOT = iphoneos;
				SWIFT_ACTIVE_COMPILATION_CONDITIONS = "DEBUG STAGING";
				SWIFT_EMIT_LOC_STRINGS = YES;
				TARGETED_DEVICE_FAMILY = 1;
			};
			name = Debug;
		};
		9F59C8BB308A537B510B1541 /* Staging */ = {
			isa = XCBuildConfiguration;
			buildSettings = {
				ALWAYS_SEARCH_USER_PATHS = NO;
				CLANG_ANALYZER_NONNULL = YES;
				CLANG_ANALYZER_NUMBER_OBJECT_CONVERSION = YES_AGGRESSIVE;
				CLANG_CXX_LANGUAGE_STANDARD = "gnu++14";
				CLANG_CXX_LIBRARY = "libc++";
				CLANG_ENABLE_MODULES = YES;
				CLANG_ENABLE_OBJC_ARC = YES;
				CLANG_ENABLE_OBJC_WEAK = YES;
				CLANG_WARN_BLOCK_CAPTURE_AUTORELEASING = YES;
				CLANG_WARN_BOOL_CONVERSION = YES;
				CLANG_WARN_COMMA = YES;
				CLANG_WARN_CONSTANT_CONVERSION = YES;
				CLANG_WARN_DEPRECATED_OBJC_IMPLEMENTATIONS = YES;
				CLANG_WARN_DIRECT_OBJC_ISA_USAGE = YES_ERROR;
				CLANG_WARN_DOCUMENTATION_COMMENTS = YES;
				CLANG_WARN_EMPTY_BODY = YES;
				CLANG_WARN_ENUM_CONVERSION = YES;
				CLANG_WARN_INFINITE_RECURSION = YES;
				CLANG_WARN_INT_CONVERSION = YES;
				CLANG_WARN_NON_LITERAL_NULL_CONVERSION = YES;
				CLANG_WARN_OBJC_IMPLICIT_RETAIN_SELF = YES;
				CLANG_WARN_OBJC_LITERAL_CONVERSION = YES;
				CLANG_WARN_OBJC_ROOT_CLASS = YES_ERROR;
				CLANG_WARN_QUOTED_INCLUDE_IN_FRAMEWORK_HEADER = YES;
				CLANG_WARN_RANGE_LOOP_ANALYSIS = YES;
				CLANG_WARN_STRICT_PROTOTYPES = YES;
				CLANG_WARN_SUSPICIOUS_MOVE = YES;
				CLANG_WARN_UNGUARDED_AVAILABILITY = YES_AGGRESSIVE;
				CLANG_WARN_UNREACHABLE_CODE = YES;
				CLANG_WARN__DUPLICATE_METHOD_MATCH = YES;
				COPY_PHASE_STRIP = NO;
				DEBUG_INFORMATION_FORMAT = "dwarf-with-dsym";
				ENABLE_NS_ASSERTIONS = NO;
				ENABLE_STRICT_OBJC_MSGSEND = YES;
				GCC_C_LANGUAGE_STANDARD = gnu11;
				GCC_NO_COMMON_BLOCKS = YES;
				GCC_WARN_64_TO_32_BIT_CONVERSION = YES;
				GCC_WARN_ABOUT_RETURN_TYPE = YES_ERROR;
				GCC_WARN_UNDECLARED_SELECTOR = YES;
				GCC_WARN_UNINITIALIZED_AUTOS = YES_AGGRESSIVE;
				GCC_WARN_UNUSED_FUNCTION = YES;
				GCC_WARN_UNUSED_VARIABLE = YES;
				IPHONEOS_DEPLOYMENT_TARGET = 17.0;
				MTL_ENABLE_DEBUG_INFO = NO;
				MTL_FAST_MATH = YES;
				PRODUCT_NAME = "$(TARGET_NAME)";
				SDKROOT = iphoneos;
				SWIFT_COMPILATION_MODE = wholemodule;
				SWIFT_OPTIMIZATION_LEVEL = "-O";
				SWIFT_VERSION = 5.0;
			};
			name = Staging;
		};
		A0367B10DE400304586DEC36 /* Release */ = {
			isa = XCBuildConfiguration;
			buildSettings = {
				APP_ENV = production;
				ASSETCATALOG_COMPILER_APPICON_NAME = AppIcon;
				BACKEND_URL = "https://kevin-api-752910912062.us-central1.run.app";
				CODE_SIGN_ENTITLEMENTS = Kevin/Kevin.entitlements;
				CODE_SIGN_IDENTITY = "iPhone Developer";
				CODE_SIGN_STYLE = Automatic;
				CURRENT_PROJECT_VERSION = 36;
				DEVELOPMENT_TEAM = 3FLG8W6B95;
				ENABLE_DEBUG_DYLIB = NO;
				ENABLE_PREVIEWS = NO;
				INFOPLIST_FILE = Kevin/Info.plist;
				INFOPLIST_KEY_UIApplicationSceneManifest_Generation = YES;
				INFOPLIST_KEY_UIApplicationSupportsIndirectInputEvents = YES;
				INFOPLIST_KEY_UILaunchScreen_Generation = YES;
				INFOPLIST_KEY_UISupportedInterfaceOrientations_iPhone = "UIInterfaceOrientationPortrait UIInterfaceOrientationPortraitUpsideDown UIInterfaceOrientationLandscapeLeft UIInterfaceOrientationLandscapeRight";
				LD_RUNPATH_SEARCH_PATHS = (
					"$(inherited)",
					"@executable_path/Frameworks",
				);
				MARKETING_VERSION = 1.2.11;
				PRODUCT_BUNDLE_IDENTIFIER = com.kevin.callscreen;
				SDKROOT = iphoneos;
				SWIFT_EMIT_LOC_STRINGS = YES;
				SWIFT_OPTIMIZATION_LEVEL = "-O";
				TARGETED_DEVICE_FAMILY = 1;
			};
			name = Release;
		};
		B103D543979D3BFE04940467 /* Debug */ = {
			isa = XCBuildConfiguration;
			buildSettings = {
				BUNDLE_LOADER = "$(TEST_HOST)";
				GENERATE_INFOPLIST_FILE = YES;
				LD_RUNPATH_SEARCH_PATHS = (
					"$(inherited)",
					"@executable_path/Frameworks",
					"@loader_path/Frameworks",
				);
				PRODUCT_BUNDLE_IDENTIFIER = com.kevin.callscreen.tests;
				SDKROOT = iphoneos;
				TARGETED_DEVICE_FAMILY = "1,2";
				TEST_HOST = "$(BUILT_PRODUCTS_DIR)/Kevin.app/Kevin";
			};
			name = Debug;
		};
		C9AF081A52D01CBD2836D424 /* Debug */ = {
			isa = XCBuildConfiguration;
			buildSettings = {
				ALWAYS_SEARCH_USER_PATHS = NO;
				CLANG_ANALYZER_NONNULL = YES;
				CLANG_ANALYZER_NUMBER_OBJECT_CONVERSION = YES_AGGRESSIVE;
				CLANG_CXX_LANGUAGE_STANDARD = "gnu++14";
				CLANG_CXX_LIBRARY = "libc++";
				CLANG_ENABLE_MODULES = YES;
				CLANG_ENABLE_OBJC_ARC = YES;
				CLANG_ENABLE_OBJC_WEAK = YES;
				CLANG_WARN_BLOCK_CAPTURE_AUTORELEASING = YES;
				CLANG_WARN_BOOL_CONVERSION = YES;
				CLANG_WARN_COMMA = YES;
				CLANG_WARN_CONSTANT_CONVERSION = YES;
				CLANG_WARN_DEPRECATED_OBJC_IMPLEMENTATIONS = YES;
				CLANG_WARN_DIRECT_OBJC_ISA_USAGE = YES_ERROR;
				CLANG_WARN_DOCUMENTATION_COMMENTS = YES;
				CLANG_WARN_EMPTY_BODY = YES;
				CLANG_WARN_ENUM_CONVERSION = YES;
				CLANG_WARN_INFINITE_RECURSION = YES;
				CLANG_WARN_INT_CONVERSION = YES;
				CLANG_WARN_NON_LITERAL_NULL_CONVERSION = YES;
				CLANG_WARN_OBJC_IMPLICIT_RETAIN_SELF = YES;
				CLANG_WARN_OBJC_LITERAL_CONVERSION = YES;
				CLANG_WARN_OBJC_ROOT_CLASS = YES_ERROR;
				CLANG_WARN_QUOTED_INCLUDE_IN_FRAMEWORK_HEADER = YES;
				CLANG_WARN_RANGE_LOOP_ANALYSIS = YES;
				CLANG_WARN_STRICT_PROTOTYPES = YES;
				CLANG_WARN_SUSPICIOUS_MOVE = YES;
				CLANG_WARN_UNGUARDED_AVAILABILITY = YES_AGGRESSIVE;
				CLANG_WARN_UNREACHABLE_CODE = YES;
				CLANG_WARN__DUPLICATE_METHOD_MATCH = YES;
				COPY_PHASE_STRIP = NO;
				DEBUG_INFORMATION_FORMAT = dwarf;
				ENABLE_STRICT_OBJC_MSGSEND = YES;
				ENABLE_TESTABILITY = YES;
				GCC_C_LANGUAGE_STANDARD = gnu11;
				GCC_DYNAMIC_NO_PIC = NO;
				GCC_NO_COMMON_BLOCKS = YES;
				GCC_OPTIMIZATION_LEVEL = 0;
				GCC_PREPROCESSOR_DEFINITIONS = (
					"$(inherited)",
					"DEBUG=1",
				);
				GCC_WARN_64_TO_32_BIT_CONVERSION = YES;
				GCC_WARN_ABOUT_RETURN_TYPE = YES_ERROR;
				GCC_WARN_UNDECLARED_SELECTOR = YES;
				GCC_WARN_UNINITIALIZED_AUTOS = YES_AGGRESSIVE;
				GCC_WARN_UNUSED_FUNCTION = YES;
				GCC_WARN_UNUSED_VARIABLE = YES;
				IPHONEOS_DEPLOYMENT_TARGET = 17.0;
				MTL_ENABLE_DEBUG_INFO = INCLUDE_SOURCE;
				MTL_FAST_MATH = YES;
				ONLY_ACTIVE_ARCH = YES;
				PRODUCT_NAME = "$(TARGET_NAME)";
				SDKROOT = iphoneos;
				SWIFT_ACTIVE_COMPILATION_CONDITIONS = DEBUG;
				SWIFT_OPTIMIZATION_LEVEL = "-Onone";
				SWIFT_VERSION = 5.0;
			};
			name = Debug;
		};
		CECB16E55497E66E4C416CAB /* Staging */ = {
			isa = XCBuildConfiguration;
			buildSettings = {
				BUNDLE_LOADER = "$(TEST_HOST)";
				GENERATE_INFOPLIST_FILE = YES;
				LD_RUNPATH_SEARCH_PATHS = (
					"$(inherited)",
					"@executable_path/Frameworks",
					"@loader_path/Frameworks",
				);
				PRODUCT_BUNDLE_IDENTIFIER = com.kevin.callscreen.tests;
				SDKROOT = iphoneos;
				TARGETED_DEVICE_FAMILY = "1,2";
				TEST_HOST = "$(BUILT_PRODUCTS_DIR)/Kevin.app/Kevin";
			};
			name = Staging;
		};
		D93FEE5BDE6B94B28D058B1E /* Staging */ = {
			isa = XCBuildConfiguration;
			buildSettings = {
				APP_ENV = staging;
				ASSETCATALOG_COMPILER_APPICON_NAME = AppIcon;
				BACKEND_URL = "https://kevin-api-staging-l63rergg7a-uc.a.run.app";
				CODE_SIGN_ENTITLEMENTS = Kevin/Kevin.entitlements;
				CODE_SIGN_IDENTITY = "iPhone Developer";
				CODE_SIGN_STYLE = Automatic;
				CURRENT_PROJECT_VERSION = 36;
				DEVELOPMENT_TEAM = 3FLG8W6B95;
				ENABLE_DEBUG_DYLIB = NO;
				ENABLE_PREVIEWS = NO;
				INFOPLIST_FILE = Kevin/Info.plist;
				INFOPLIST_KEY_UIApplicationSceneManifest_Generation = YES;
				INFOPLIST_KEY_UIApplicationSupportsIndirectInputEvents = YES;
				INFOPLIST_KEY_UILaunchScreen_Generation = YES;
				INFOPLIST_KEY_UISupportedInterfaceOrientations_iPhone = "UIInterfaceOrientationPortrait UIInterfaceOrientationPortraitUpsideDown UIInterfaceOrientationLandscapeLeft UIInterfaceOrientationLandscapeRight";
				LD_RUNPATH_SEARCH_PATHS = (
					"$(inherited)",
					"@executable_path/Frameworks",
				);
				MARKETING_VERSION = 1.2.11;
				PRODUCT_BUNDLE_IDENTIFIER = com.kevin.callscreen;
				SDKROOT = iphoneos;
				SWIFT_ACTIVE_COMPILATION_CONDITIONS = STAGING;
				SWIFT_EMIT_LOC_STRINGS = YES;
				SWIFT_OPTIMIZATION_LEVEL = "-O";
				TARGETED_DEVICE_FAMILY = 1;
			};
			name = Staging;
		};
/* End XCBuildConfiguration section */

/* Begin XCConfigurationList section */
		3CB04EED462A0AAEA9428AA2 /* Build configuration list for PBXProject "Kevin" */ = {
			isa = XCConfigurationList;
			buildConfigurations = (
				C9AF081A52D01CBD2836D424 /* Debug */,
				966684C5F69D107808C9C8F1 /* Release */,
				9F59C8BB308A537B510B1541 /* Staging */,
			);
			defaultConfigurationIsVisible = 0;
			defaultConfigurationName = Debug;
		};
		3E35576C2E0E3797643FBC78 /* Build configuration list for PBXNativeTarget "Kevin" */ = {
			isa = XCConfigurationList;
			buildConfigurations = (
				9EE9032852145E4274E862C6 /* Debug */,
				A0367B10DE400304586DEC36 /* Release */,
				D93FEE5BDE6B94B28D058B1E /* Staging */,
			);
			defaultConfigurationIsVisible = 0;
			defaultConfigurationName = Debug;
		};
		A198FC92282684C555269CB2 /* Build configuration list for PBXNativeTarget "KevinTests" */ = {
			isa = XCConfigurationList;
			buildConfigurations = (
				B103D543979D3BFE04940467 /* Debug */,
				47D2F6F74D6B2B7D1B4EF9B5 /* Release */,
				CECB16E55497E66E4C416CAB /* Staging */,
			);
			defaultConfigurationIsVisible = 0;
			defaultConfigurationName = Debug;
		};
/* End XCConfigurationList section */

/* Begin XCRemoteSwiftPackageReference section */
		FCA61563E52A862E6066AE7F /* XCRemoteSwiftPackageReference "twilio-voice-ios" */ = {
			isa = XCRemoteSwiftPackageReference;
			repositoryURL = "https://github.com/twilio/twilio-voice-ios";
			requirement = {
				kind = exactVersion;
				version = 6.13.6;
			};
		};
/* End XCRemoteSwiftPackageReference section */

/* Begin XCSwiftPackageProductDependency section */
		B6285136CEE3E2F4A0EDE506 /* TwilioVoice */ = {
			isa = XCSwiftPackageProductDependency;
			package = FCA61563E52A862E6066AE7F /* XCRemoteSwiftPackageReference "twilio-voice-ios" */;
			productName = TwilioVoice;
		};
/* End XCSwiftPackageProductDependency section */
	};
	rootObject = E52EA325B14732B2A82E82F4 /* Project object */;
}
